
Microsoft Visual Studio Solution File, Format Version 12.00
# Visual Studio 15
VisualStudioVersion = 15.0.28307.1433
MinimumVisualStudioVersion = 10.0.40219.1
Project("{FAE04EC0-301F-11D3-BF4B-00C04F79EFBC}") = "IPT_Project", "IPT_Project\IPT_Project.csproj", "{9EAC572B-CE98-40B9-83FD-DD108A6C2B16}"
EndProject
Global
	GlobalSection(SolutionConfigurationPlatforms) = preSolution
		Debug|Any CPU = Debug|Any CPU
		Release|Any CPU = Release|Any CPU
	EndGlobalSection
	GlobalSection(ProjectConfigurationPlatforms) = postSolution
		{9EAC572B-CE98-40B9-83FD-DD108A6C2B16}.Debug|Any CPU.ActiveCfg = Debug|Any CPU
		{9EAC572B-CE98-40B9-83FD-DD108A6C2B16}.Debug|Any CPU.Build.0 = Debug|Any CPU
		{9EAC572B-CE98-40B9-83FD-DD108A6C2B16}.Release|Any CPU.ActiveCfg = Release|Any CPU
		{9EAC572B-CE98-40B9-83FD-DD108A6C2B16}.Release|Any CPU.Build.0 = Release|Any CPU
	EndGlobalSection
	GlobalSection(SolutionProperties) = preSolution
		HideSolutionNode = FALSE
	EndGlobalSection
	GlobalSection(ExtensibilityGlobals) = postSolution
		SolutionGuid = {928AAFAF-FA99-4634-A96A-357253753822}
	EndGlobalSection
EndGlobal
